github.com/MayvenF/dog v0.0.0-20231109124528-c94fcda7d9de h1:oIA9RmKQxncFCjdqOBkasjolwRctvFwVELDziuO5Btg=
github.com/MayvenF/dog v0.0.0-20231109124528-c94fcda7d9de/go.mod h1:NUOYmCbd129TCjZY+DZ648mg60UgyANOYW3c5+jUzrw=
github.com/MayvenF/dog v0.0.0-20231109124919-f4f6176d525b h1:OB2gBLcZLzoYBkLVt7PlzytPl+zVwsrJ/KnIAFn8MGo=
github.com/MayvenF/dog v0.0.0-20231109124919-f4f6176d525b/go.mod h1:wTC3PRZmTAQY3NEJOnEntYKUlpkdo29ysFOvh3RJfdQ=
github.com/MayvenF/dog v0.0.0-20231109130053-bc2cdc4dfa23 h1:8mbu3gaETwzZj4w5SK0edtKPMJ+UBModeoEabnyOZhM=
github.com/MayvenF/dog v0.0.0-20231109130053-bc2cdc4dfa23/go.mod h1:wTC3PRZmTAQY3NEJOnEntYKUlpkdo29ysFOvh3RJfdQ=
